github.com/freightcms/carriers/models v0.0.0-20240103200317-d84883dd25b3 h1:GG73U/islxJdEl2lW2mQKUkzXQzjMnACi63SPXnw1Vo=
github.com/freightcms/carriers/models v0.0.0-20240103200317-d84883dd25b3/go.mod h1:Wan4QPrMAjChDX/ZaFjs4htvLUnzR6PaSjWS2f1hDvk=
github.com/freightcms/carriers/schemas v0.0.0-20240103200317-d84883dd25b3 h1:eGVE2HPbwofZ3AnZ0Me22EXCnRCHFuvdvucQFw+BXqA=
github.com/freightcms/carriers/schemas v0.0.0-20240103200317-d84883dd25b3/go.mod h1:nY4eCUbyoaHHjx/UY89qWRDqxaMxuEsy5/+lk8pmshQ=
