github.com/freightcms/carriers/models v0.0.0-20240716003255-564878297511 h1:olx7cjovhXSydSeF7arkncgRfhyBPLVS330z/PFRzQo=
github.com/freightcms/carriers/models v0.0.0-20240716003255-564878297511/go.mod h1:Ls/3cuTtjSCuWmhNzin7rYI8/V7mDj3gJNsw8RUqh2Q=
github.com/freightcms/common/models v1.1.0 h1:NbujQ45NUDck6tR3ZC79JFz5xclWGkX086FNyRbTy/Y=
github.com/freightcms/common/models v1.1.0/go.mod h1:EgclrPIgkbQ6ZpraNVO2h3mU7S9IniQB+Wb2gT3a508=
github.com/freightcms/locations/models v1.0.1 h1:7hgHmuUYxIn162b+LlVoKdguZavXhaI6fGmipf49e8U=
github.com/freightcms/locations/models v1.0.1/go.mod h1:6TNLzYhKFVvkEui2b8/1o8TZNdOs1TtwcWCFIoClJi4=
github.com/freightcms/parties/models v1.0.1 h1:24AMMnUIAYAg/7rMx1GnZoaqt1YR9ugFGrgQU9UT0Vo=
github.com/freightcms/parties/models v1.0.1/go.mod h1:x1CHRldHMQUQBnkZeZwxmYKIjBkunwynmKUocBVNSck=
