github.com/freightcms/common/models v1.1.0 h1:NbujQ45NUDck6tR3ZC79JFz5xclWGkX086FNyRbTy/Y=
github.com/freightcms/common/models v1.1.0/go.mod h1:EgclrPIgkbQ6ZpraNVO2h3mU7S9IniQB+Wb2gT3a508=
github.com/freightcms/locations/models v1.1.0 h1:ikfH2gRj7pxCERuhh0Nq4Yvyrl/RlrgIMnfvy7qRzfk=
github.com/freightcms/locations/models v1.1.0/go.mod h1:90bnwGKbUNDT/hoLAV5DTvw+allCdbDYHeQXLElE914=
github.com/freightcms/organizations/models v0.0.0-20250319134210-79a6e808531e h1:c4uF4EK0nBUbyjd0ichNqIlTKws1zeRJ2VgbTNVAFwg=
github.com/freightcms/organizations/models v0.0.0-20250319134210-79a6e808531e/go.mod h1:dUuZ78jDvgHAGIzL6dEEqth2CUEJ+4iyr2a3yPGuXYk=
